// !$*UTF8*$!
{
	archiveVersion = 1;
	classes = {
	};
	objectVersion = 46;
	objects = {

/* Begin PBXBuildFile section */
		BCA30B2F1A492490009073F7 /* AppDelegate.swift in Sources */ = {isa = PBXBuildFile; fileRef = BCA30B2E1A492490009073F7 /* AppDelegate.swift */; };
		BCA30B311A492490009073F7 /* ViewController.swift in Sources */ = {isa = PBXBuildFile; fileRef = BCA30B301A492490009073F7 /* ViewController.swift */; };
		BCA30B341A492490009073F7 /* Main.storyboard in Resources */ = {isa = PBXBuildFile; fileRef = BCA30B321A492490009073F7 /* Main.storyboard */; };
		BCA30B361A492490009073F7 /* Images.xcassets in Resources */ = {isa = PBXBuildFile; fileRef = BCA30B351A492490009073F7 /* Images.xcassets */; };
		BCA30B391A492490009073F7 /* LaunchScreen.xib in Resources */ = {isa = PBXBuildFile; fileRef = BCA30B371A492490009073F7 /* LaunchScreen.xib */; };
		BCA30B451A492490009073F7 /* WaitingTests.swift in Sources */ = {isa = PBXBuildFile; fileRef = BCA30B441A492490009073F7 /* WaitingTests.swift */; };
		BCA30B511A4925FB009073F7 /* Bolts.framework in Frameworks */ = {isa = PBXBuildFile; fileRef = BCA30B4F1A4925FB009073F7 /* Bolts.framework */; };
		BCA30B521A4925FB009073F7 /* Parse.framework in Frameworks */ = {isa = PBXBuildFile; fileRef = BCA30B501A4925FB009073F7 /* Parse.framework */; };
		BCF20AB41A5AF70D00BFA7F6 /* WSecrets.swift in Sources */ = {isa = PBXBuildFile; fileRef = BCF20AB31A5AF70D00BFA7F6 /* WSecrets.swift */; };
		BCF20AB61A5AF7AE00BFA7F6 /* AudioToolbox.framework in Frameworks */ = {isa = PBXBuildFile; fileRef = BCF20AB51A5AF7AE00BFA7F6 /* AudioToolbox.framework */; };
		BCF20AB81A5AF7C200BFA7F6 /* CFNetwork.framework in Frameworks */ = {isa = PBXBuildFile; fileRef = BCF20AB71A5AF7C200BFA7F6 /* CFNetwork.framework */; };
		BCF20ABA1A5AF7D100BFA7F6 /* CoreGraphics.framework in Frameworks */ = {isa = PBXBuildFile; fileRef = BCF20AB91A5AF7D100BFA7F6 /* CoreGraphics.framework */; };
		BCF20ABC1A5AF7D800BFA7F6 /* CoreLocation.framework in Frameworks */ = {isa = PBXBuildFile; fileRef = BCF20ABB1A5AF7D800BFA7F6 /* CoreLocation.framework */; };
		BCF20ABE1A5AF7E300BFA7F6 /* MobileCoreServices.framework in Frameworks */ = {isa = PBXBuildFile; fileRef = BCF20ABD1A5AF7E300BFA7F6 /* MobileCoreServices.framework */; };
		BCF20AC01A5AF84E00BFA7F6 /* QuartzCore.framework in Frameworks */ = {isa = PBXBuildFile; fileRef = BCF20ABF1A5AF84E00BFA7F6 /* QuartzCore.framework */; };
		BCF20AC21A5AF85900BFA7F6 /* Security.framework in Frameworks */ = {isa = PBXBuildFile; fileRef = BCF20AC11A5AF85900BFA7F6 /* Security.framework */; };
		BCF20AC41A5AF86300BFA7F6 /* StoreKit.framework in Frameworks */ = {isa = PBXBuildFile; fileRef = BCF20AC31A5AF86300BFA7F6 /* StoreKit.framework */; };
		BCF20AC61A5AF86F00BFA7F6 /* SystemConfiguration.framework in Frameworks */ = {isa = PBXBuildFile; fileRef = BCF20AC51A5AF86F00BFA7F6 /* SystemConfiguration.framework */; };
		BCF20AC81A5AF87700BFA7F6 /* libz.dylib in Frameworks */ = {isa = PBXBuildFile; fileRef = BCF20AC71A5AF87700BFA7F6 /* libz.dylib */; };
		BCF20ACA1A5AF88000BFA7F6 /* libsqlite3.dylib in Frameworks */ = {isa = PBXBuildFile; fileRef = BCF20AC91A5AF88000BFA7F6 /* libsqlite3.dylib */; };
		BCF20AD51A5B79ED00BFA7F6 /* WGuest.m in Sources */ = {isa = PBXBuildFile; fileRef = BCF20AD41A5B79ED00BFA7F6 /* WGuest.m */; };
/* End PBXBuildFile section */

/* Begin PBXContainerItemProxy section */
		BCA30B3F1A492490009073F7 /* PBXContainerItemProxy */ = {
			isa = PBXContainerItemProxy;
			containerPortal = BCA30B211A492490009073F7 /* Project object */;
			proxyType = 1;
			remoteGlobalIDString = BCA30B281A492490009073F7;
			remoteInfo = Waiting;
		};
/* End PBXContainerItemProxy section */

/* Begin PBXFileReference section */
		BCA30B291A492490009073F7 /* Waiting.app */ = {isa = PBXFileReference; explicitFileType = wrapper.application; includeInIndex = 0; path = Waiting.app; sourceTree = BUILT_PRODUCTS_DIR; };
		BCA30B2D1A492490009073F7 /* Info.plist */ = {isa = PBXFileReference; lastKnownFileType = text.plist.xml; path = Info.plist; sourceTree = "<group>"; };
		BCA30B2E1A492490009073F7 /* AppDelegate.swift */ = {isa = PBXFileReference; lastKnownFileType = sourcecode.swift; path = AppDelegate.swift; sourceTree = "<group>"; };
		BCA30B301A492490009073F7 /* ViewController.swift */ = {isa = PBXFileReference; lastKnownFileType = sourcecode.swift; path = ViewController.swift; sourceTree = "<group>"; };
		BCA30B331A492490009073F7 /* Base */ = {isa = PBXFileReference; lastKnownFileType = file.storyboard; name = Base; path = Base.lproj/Main.storyboard; sourceTree = "<group>"; };
		BCA30B351A492490009073F7 /* Images.xcassets */ = {isa = PBXFileReference; lastKnownFileType = folder.assetcatalog; path = Images.xcassets; sourceTree = "<group>"; };
		BCA30B381A492490009073F7 /* Base */ = {isa = PBXFileReference; lastKnownFileType = file.xib; name = Base; path = Base.lproj/LaunchScreen.xib; sourceTree = "<group>"; };
		BCA30B3E1A492490009073F7 /* WaitingTests.xctest */ = {isa = PBXFileReference; explicitFileType = wrapper.cfbundle; includeInIndex = 0; path = WaitingTests.xctest; sourceTree = BUILT_PRODUCTS_DIR; };
		BCA30B431A492490009073F7 /* Info.plist */ = {isa = PBXFileReference; lastKnownFileType = text.plist.xml; path = Info.plist; sourceTree = "<group>"; };
		BCA30B441A492490009073F7 /* WaitingTests.swift */ = {isa = PBXFileReference; lastKnownFileType = sourcecode.swift; path = WaitingTests.swift; sourceTree = "<group>"; };
		BCA30B4F1A4925FB009073F7 /* Bolts.framework */ = {isa = PBXFileReference; lastKnownFileType = wrapper.framework; path = Bolts.framework; sourceTree = "<group>"; };
		BCA30B501A4925FB009073F7 /* Parse.framework */ = {isa = PBXFileReference; lastKnownFileType = wrapper.framework; path = Parse.framework; sourceTree = "<group>"; };
		BCA30B531A49275D009073F7 /* Waiting-Bridging-Header.h */ = {isa = PBXFileReference; fileEncoding = 4; lastKnownFileType = sourcecode.c.h; path = "Waiting-Bridging-Header.h"; sourceTree = "<group>"; };
		BCF20AB31A5AF70D00BFA7F6 /* WSecrets.swift */ = {isa = PBXFileReference; fileEncoding = 4; lastKnownFileType = sourcecode.swift; name = WSecrets.swift; path = Utility/WSecrets.swift; sourceTree = "<group>"; };
		BCF20AB51A5AF7AE00BFA7F6 /* AudioToolbox.framework */ = {isa = PBXFileReference; lastKnownFileType = wrapper.framework; name = AudioToolbox.framework; path = System/Library/Frameworks/AudioToolbox.framework; sourceTree = SDKROOT; };
		BCF20AB71A5AF7C200BFA7F6 /* CFNetwork.framework */ = {isa = PBXFileReference; lastKnownFileType = wrapper.framework; name = CFNetwork.framework; path = System/Library/Frameworks/CFNetwork.framework; sourceTree = SDKROOT; };
		BCF20AB91A5AF7D100BFA7F6 /* CoreGraphics.framework */ = {isa = PBXFileReference; lastKnownFileType = wrapper.framework; name = CoreGraphics.framework; path = System/Library/Frameworks/CoreGraphics.framework; sourceTree = SDKROOT; };
		BCF20ABB1A5AF7D800BFA7F6 /* CoreLocation.framework */ = {isa = PBXFileReference; lastKnownFileType = wrapper.framework; name = CoreLocation.framework; path = System/Library/Frameworks/CoreLocation.framework; sourceTree = SDKROOT; };
		BCF20ABD1A5AF7E300BFA7F6 /* MobileCoreServices.framework */ = {isa = PBXFileReference; lastKnownFileType = wrapper.framework; name = MobileCoreServices.framework; path = System/Library/Frameworks/MobileCoreServices.framework; sourceTree = SDKROOT; };
		BCF20ABF1A5AF84E00BFA7F6 /* QuartzCore.framework */ = {isa = PBXFileReference; lastKnownFileType = wrapper.framework; name = QuartzCore.framework; path = System/Library/Frameworks/QuartzCore.framework; sourceTree = SDKROOT; };
		BCF20AC11A5AF85900BFA7F6 /* Security.framework */ = {isa = PBXFileReference; lastKnownFileType = wrapper.framework; name = Security.framework; path = System/Library/Frameworks/Security.framework; sourceTree = SDKROOT; };
		BCF20AC31A5AF86300BFA7F6 /* StoreKit.framework */ = {isa = PBXFileReference; lastKnownFileType = wrapper.framework; name = StoreKit.framework; path = System/Library/Frameworks/StoreKit.framework; sourceTree = SDKROOT; };
		BCF20AC51A5AF86F00BFA7F6 /* SystemConfiguration.framework */ = {isa = PBXFileReference; lastKnownFileType = wrapper.framework; name = SystemConfiguration.framework; path = System/Library/Frameworks/SystemConfiguration.framework; sourceTree = SDKROOT; };
		BCF20AC71A5AF87700BFA7F6 /* libz.dylib */ = {isa = PBXFileReference; lastKnownFileType = "compiled.mach-o.dylib"; name = libz.dylib; path = usr/lib/libz.dylib; sourceTree = SDKROOT; };
		BCF20AC91A5AF88000BFA7F6 /* libsqlite3.dylib */ = {isa = PBXFileReference; lastKnownFileType = "compiled.mach-o.dylib"; name = libsqlite3.dylib; path = usr/lib/libsqlite3.dylib; sourceTree = SDKROOT; };
		BCF20AD31A5B79ED00BFA7F6 /* WGuest.h */ = {isa = PBXFileReference; fileEncoding = 4; lastKnownFileType = sourcecode.c.h; name = WGuest.h; path = Model/WGuest.h; sourceTree = "<group>"; };
		BCF20AD41A5B79ED00BFA7F6 /* WGuest.m */ = {isa = PBXFileReference; fileEncoding = 4; lastKnownFileType = sourcecode.c.objc; name = WGuest.m; path = Model/WGuest.m; sourceTree = "<group>"; };
/* End PBXFileReference section */

/* Begin PBXFrameworksBuildPhase section */
		BCA30B261A492490009073F7 /* Frameworks */ = {
			isa = PBXFrameworksBuildPhase;
			buildActionMask = 2147483647;
			files = (
				BCF20ACA1A5AF88000BFA7F6 /* libsqlite3.dylib in Frameworks */,
				BCF20AC81A5AF87700BFA7F6 /* libz.dylib in Frameworks */,
				BCF20AC61A5AF86F00BFA7F6 /* SystemConfiguration.framework in Frameworks */,
				BCF20AC41A5AF86300BFA7F6 /* StoreKit.framework in Frameworks */,
				BCF20AC21A5AF85900BFA7F6 /* Security.framework in Frameworks */,
				BCF20AC01A5AF84E00BFA7F6 /* QuartzCore.framework in Frameworks */,
				BCF20ABE1A5AF7E300BFA7F6 /* MobileCoreServices.framework in Frameworks */,
				BCF20ABC1A5AF7D800BFA7F6 /* CoreLocation.framework in Frameworks */,
				BCF20ABA1A5AF7D100BFA7F6 /* CoreGraphics.framework in Frameworks */,
				BCF20AB81A5AF7C200BFA7F6 /* CFNetwork.framework in Frameworks */,
				BCF20AB61A5AF7AE00BFA7F6 /* AudioToolbox.framework in Frameworks */,
				BCA30B521A4925FB009073F7 /* Parse.framework in Frameworks */,
				BCA30B511A4925FB009073F7 /* Bolts.framework in Frameworks */,
			);
			runOnlyForDeploymentPostprocessing = 0;
		};
		BCA30B3B1A492490009073F7 /* Frameworks */ = {
			isa = PBXFrameworksBuildPhase;
			buildActionMask = 2147483647;
			files = (
			);
			runOnlyForDeploymentPostprocessing = 0;
		};
/* End PBXFrameworksBuildPhase section */

/* Begin PBXGroup section */
		BCA30B201A492490009073F7 = {
			isa = PBXGroup;
			children = (
				BCA30B2B1A492490009073F7 /* Waiting */,
				BCA30B411A492490009073F7 /* WaitingTests */,
				BCA30B2A1A492490009073F7 /* Products */,
			);
			sourceTree = "<group>";
		};
		BCA30B2A1A492490009073F7 /* Products */ = {
			isa = PBXGroup;
			children = (
				BCA30B291A492490009073F7 /* Waiting.app */,
				BCA30B3E1A492490009073F7 /* WaitingTests.xctest */,
			);
			name = Products;
			sourceTree = "<group>";
		};
		BCA30B2B1A492490009073F7 /* Waiting */ = {
			isa = PBXGroup;
			children = (
				BCF20ACC1A5B768F00BFA7F6 /* Model */,
				BCF20AB21A5AF70200BFA7F6 /* Utility */,
				BCA30B2E1A492490009073F7 /* AppDelegate.swift */,
				BCA30B301A492490009073F7 /* ViewController.swift */,
				BCA30B321A492490009073F7 /* Main.storyboard */,
				BCA30B351A492490009073F7 /* Images.xcassets */,
				BCA30B371A492490009073F7 /* LaunchScreen.xib */,
				BCA30B4E1A4925E7009073F7 /* Frameworks */,
				BCA30B2C1A492490009073F7 /* Supporting Files */,
				BCA30B531A49275D009073F7 /* Waiting-Bridging-Header.h */,
			);
			path = Waiting;
			sourceTree = "<group>";
		};
		BCA30B2C1A492490009073F7 /* Supporting Files */ = {
			isa = PBXGroup;
			children = (
				BCA30B2D1A492490009073F7 /* Info.plist */,
			);
			name = "Supporting Files";
			sourceTree = "<group>";
		};
		BCA30B411A492490009073F7 /* WaitingTests */ = {
			isa = PBXGroup;
			children = (
				BCA30B441A492490009073F7 /* WaitingTests.swift */,
				BCA30B421A492490009073F7 /* Supporting Files */,
			);
			path = WaitingTests;
			sourceTree = "<group>";
		};
		BCA30B421A492490009073F7 /* Supporting Files */ = {
			isa = PBXGroup;
			children = (
				BCA30B431A492490009073F7 /* Info.plist */,
			);
			name = "Supporting Files";
			sourceTree = "<group>";
		};
		BCA30B4E1A4925E7009073F7 /* Frameworks */ = {
			isa = PBXGroup;
			children = (
				BCF20AC91A5AF88000BFA7F6 /* libsqlite3.dylib */,
				BCF20AC71A5AF87700BFA7F6 /* libz.dylib */,
				BCF20AC51A5AF86F00BFA7F6 /* SystemConfiguration.framework */,
				BCF20AC31A5AF86300BFA7F6 /* StoreKit.framework */,
				BCF20AC11A5AF85900BFA7F6 /* Security.framework */,
				BCF20ABF1A5AF84E00BFA7F6 /* QuartzCore.framework */,
				BCF20ABD1A5AF7E300BFA7F6 /* MobileCoreServices.framework */,
				BCF20ABB1A5AF7D800BFA7F6 /* CoreLocation.framework */,
				BCF20AB91A5AF7D100BFA7F6 /* CoreGraphics.framework */,
				BCF20AB71A5AF7C200BFA7F6 /* CFNetwork.framework */,
				BCF20AB51A5AF7AE00BFA7F6 /* AudioToolbox.framework */,
				BCA30B4F1A4925FB009073F7 /* Bolts.framework */,
				BCA30B501A4925FB009073F7 /* Parse.framework */,
			);
			name = Frameworks;
			sourceTree = "<group>";
		};
		BCF20AB21A5AF70200BFA7F6 /* Utility */ = {
			isa = PBXGroup;
			children = (
				BCF20AB31A5AF70D00BFA7F6 /* WSecrets.swift */,
			);
			name = Utility;
			sourceTree = "<group>";
		};
		BCF20ACC1A5B768F00BFA7F6 /* Model */ = {
			isa = PBXGroup;
			children = (
				BCF20AD31A5B79ED00BFA7F6 /* WGuest.h */,
				BCF20AD41A5B79ED00BFA7F6 /* WGuest.m */,
			);
			name = Model;
			sourceTree = "<group>";
		};
/* End PBXGroup section */

/* Begin PBXNativeTarget section */
		BCA30B281A492490009073F7 /* Waiting */ = {
			isa = PBXNativeTarget;
			buildConfigurationList = BCA30B481A492490009073F7 /* Build configuration list for PBXNativeTarget "Waiting" */;
			buildPhases = (
				BCA30B251A492490009073F7 /* Sources */,
				BCA30B261A492490009073F7 /* Frameworks */,
				BCA30B271A492490009073F7 /* Resources */,
			);
			buildRules = (
			);
			dependencies = (
			);
			name = Waiting;
			productName = Waiting;
			productReference = BCA30B291A492490009073F7 /* Waiting.app */;
			productType = "com.apple.product-type.application";
		};
		BCA30B3D1A492490009073F7 /* WaitingTests */ = {
			isa = PBXNativeTarget;
			buildConfigurationList = BCA30B4B1A492490009073F7 /* Build configuration list for PBXNativeTarget "WaitingTests" */;
			buildPhases = (
				BCA30B3A1A492490009073F7 /* Sources */,
				BCA30B3B1A492490009073F7 /* Frameworks */,
				BCA30B3C1A492490009073F7 /* Resources */,
			);
			buildRules = (
			);
			dependencies = (
				BCA30B401A492490009073F7 /* PBXTargetDependency */,
			);
			name = WaitingTests;
			productName = WaitingTests;
			productReference = BCA30B3E1A492490009073F7 /* WaitingTests.xctest */;
			productType = "com.apple.product-type.bundle.unit-test";
		};
/* End PBXNativeTarget section */

/* Begin PBXProject section */
		BCA30B211A492490009073F7 /* Project object */ = {
			isa = PBXProject;
			attributes = {
				LastUpgradeCheck = 0610;
				ORGANIZATIONNAME = "Doug Guastaferro";
				TargetAttributes = {
					BCA30B281A492490009073F7 = {
						CreatedOnToolsVersion = 6.1.1;
					};
					BCA30B3D1A492490009073F7 = {
						CreatedOnToolsVersion = 6.1.1;
						TestTargetID = BCA30B281A492490009073F7;
					};
				};
			};
			buildConfigurationList = BCA30B241A492490009073F7 /* Build configuration list for PBXProject "Waiting" */;
			compatibilityVersion = "Xcode 3.2";
			developmentRegion = English;
			hasScannedForEncodings = 0;
			knownRegions = (
				en,
				Base,
			);
			mainGroup = BCA30B201A492490009073F7;
			productRefGroup = BCA30B2A1A492490009073F7 /* Products */;
			projectDirPath = "";
			projectRoot = "";
			targets = (
				BCA30B281A492490009073F7 /* Waiting */,
				BCA30B3D1A492490009073F7 /* WaitingTests */,
			);
		};
/* End PBXProject section */

/* Begin PBXResourcesBuildPhase section */
		BCA30B271A492490009073F7 /* Resources */ = {
			isa = PBXResourcesBuildPhase;
			buildActionMask = 2147483647;
			files = (
				BCA30B341A492490009073F7 /* Main.storyboard in Resources */,
				BCA30B391A492490009073F7 /* LaunchScreen.xib in Resources */,
				BCA30B361A492490009073F7 /* Images.xcassets in Resources */,
			);
			runOnlyForDeploymentPostprocessing = 0;
		};
		BCA30B3C1A492490009073F7 /* Resources */ = {
			isa = PBXResourcesBuildPhase;
			buildActionMask = 2147483647;
			files = (
			);
			runOnlyForDeploymentPostprocessing = 0;
		};
/* End PBXResourcesBuildPhase section */

/* Begin PBXSourcesBuildPhase section */
		BCA30B251A492490009073F7 /* Sources */ = {
			isa = PBXSourcesBuildPhase;
			buildActionMask = 2147483647;
			files = (
				BCA30B311A492490009073F7 /* ViewController.swift in Sources */,
				BCF20AB41A5AF70D00BFA7F6 /* WSecrets.swift in Sources */,
				BCF20AD51A5B79ED00BFA7F6 /* WGuest.m in Sources */,
				BCA30B2F1A492490009073F7 /* AppDelegate.swift in Sources */,
			);
			runOnlyForDeploymentPostprocessing = 0;
		};
		BCA30B3A1A492490009073F7 /* Sources */ = {
			isa = PBXSourcesBuildPhase;
			buildActionMask = 2147483647;
			files = (
				BCA30B451A492490009073F7 /* WaitingTests.swift in Sources */,
			);
			runOnlyForDeploymentPostprocessing = 0;
		};
/* End PBXSourcesBuildPhase section */

/* Begin PBXTargetDependency section */
		BCA30B401A492490009073F7 /* PBXTargetDependency */ = {
			isa = PBXTargetDependency;
			target = BCA30B281A492490009073F7 /* Waiting */;
			targetProxy = BCA30B3F1A492490009073F7 /* PBXContainerItemProxy */;
		};
/* End PBXTargetDependency section */

/* Begin PBXVariantGroup section */
		BCA30B321A492490009073F7 /* Main.storyboard */ = {
			isa = PBXVariantGroup;
			children = (
				BCA30B331A492490009073F7 /* Base */,
			);
			name = Main.storyboard;
			sourceTree = "<group>";
		};
		BCA30B371A492490009073F7 /* LaunchScreen.xib */ = {
			isa = PBXVariantGroup;
			children = (
				BCA30B381A492490009073F7 /* Base */,
			);
			name = LaunchScreen.xib;
			sourceTree = "<group>";
		};
/* End PBXVariantGroup section */

/* Begin XCBuildConfiguration section */
		BCA30B461A492490009073F7 /* Debug */ = {
			isa = XCBuildConfiguration;
			buildSettings = {
				ALWAYS_SEARCH_USER_PATHS = NO;
				CLANG_CXX_LANGUAGE_STANDARD = "gnu++0x";
				CLANG_CXX_LIBRARY = "libc++";
				CLANG_ENABLE_MODULES = YES;
				CLANG_ENABLE_OBJC_ARC = YES;
				CLANG_WARN_BOOL_CONVERSION = YES;
				CLANG_WARN_CONSTANT_CONVERSION = YES;
				CLANG_WARN_DIRECT_OBJC_ISA_USAGE = YES_ERROR;
				CLANG_WARN_EMPTY_BODY = YES;
				CLANG_WARN_ENUM_CONVERSION = YES;
				CLANG_WARN_INT_CONVERSION = YES;
				CLANG_WARN_OBJC_ROOT_CLASS = YES_ERROR;
				CLANG_WARN_UNREACHABLE_CODE = YES;
				CLANG_WARN__DUPLICATE_METHOD_MATCH = YES;
				"CODE_SIGN_IDENTITY[sdk=iphoneos*]" = "iPhone Developer";
				COPY_PHASE_STRIP = NO;
				ENABLE_STRICT_OBJC_MSGSEND = YES;
				GCC_C_LANGUAGE_STANDARD = gnu99;
				GCC_DYNAMIC_NO_PIC = NO;
				GCC_OPTIMIZATION_LEVEL = 0;
				GCC_PREPROCESSOR_DEFINITIONS = (
					"DEBUG=1",
					"$(inherited)",
				);
				GCC_SYMBOLS_PRIVATE_EXTERN = NO;
				GCC_WARN_64_TO_32_BIT_CONVERSION = YES;
				GCC_WARN_ABOUT_RETURN_TYPE = YES_ERROR;
				GCC_WARN_UNDECLARED_SELECTOR = YES;
				GCC_WARN_UNINITIALIZED_AUTOS = YES_AGGRESSIVE;
				GCC_WARN_UNUSED_FUNCTION = YES;
				GCC_WARN_UNUSED_VARIABLE = YES;
				IPHONEOS_DEPLOYMENT_TARGET = 8.1;
				MTL_ENABLE_DEBUG_INFO = YES;
				ONLY_ACTIVE_ARCH = YES;
				SDKROOT = iphoneos;
				SWIFT_OPTIMIZATION_LEVEL = "-Onone";
				TARGETED_DEVICE_FAMILY = 2;
			};
			name = Debug;
		};
		BCA30B471A492490009073F7 /* Release */ = {
			isa = XCBuildConfiguration;
			buildSettings = {
				ALWAYS_SEARCH_USER_PATHS = NO;
				CLANG_CXX_LANGUAGE_STANDARD = "gnu++0x";
				CLANG_CXX_LIBRARY = "libc++";
				CLANG_ENABLE_MODULES = YES;
				CLANG_ENABLE_OBJC_ARC = YES;
				CLANG_WARN_BOOL_CONVERSION = YES;
				CLANG_WARN_CONSTANT_CONVERSION = YES;
				CLANG_WARN_DIRECT_OBJC_ISA_USAGE = YES_ERROR;
				CLANG_WARN_EMPTY_BODY = YES;
				CLANG_WARN_ENUM_CONVERSION = YES;
				CLANG_WARN_INT_CONVERSION = YES;
				CLANG_WARN_OBJC_ROOT_CLASS = YES_ERROR;
				CLANG_WARN_UNREACHABLE_CODE = YES;
				CLANG_WARN__DUPLICATE_METHOD_MATCH = YES;
				"CODE_SIGN_IDENTITY[sdk=iphoneos*]" = "iPhone Developer";
				COPY_PHASE_STRIP = YES;
				ENABLE_NS_ASSERTIONS = NO;
				ENABLE_STRICT_OBJC_MSGSEND = YES;
				GCC_C_LANGUAGE_STANDARD = gnu99;
				GCC_WARN_64_TO_32_BIT_CONVERSION = YES;
				GCC_WARN_ABOUT_RETURN_TYPE = YES_ERROR;
				GCC_WARN_UNDECLARED_SELECTOR = YES;
				GCC_WARN_UNINITIALIZED_AUTOS = YES_AGGRESSIVE;
				GCC_WARN_UNUSED_FUNCTION = YES;
				GCC_WARN_UNUSED_VARIABLE = YES;
				IPHONEOS_DEPLOYMENT_TARGET = 8.1;
				MTL_ENABLE_DEBUG_INFO = NO;
				SDKROOT = iphoneos;
				TARGETED_DEVICE_FAMILY = 2;
				VALIDATE_PRODUCT = YES;
			};
			name = Release;
		};
		BCA30B491A492490009073F7 /* Debug */ = {
			isa = XCBuildConfiguration;
			buildSettings = {
				ASSETCATALOG_COMPILER_APPICON_NAME = AppIcon;
				FRAMEWORK_SEARCH_PATHS = (
					"$(inherited)",
					"$(PROJECT_DIR)/Waiting",
				);
				INFOPLIST_FILE = Waiting/Info.plist;
				LD_RUNPATH_SEARCH_PATHS = "$(inherited) @executable_path/Frameworks";
				PRODUCT_NAME = "$(TARGET_NAME)";
				SWIFT_OBJC_BRIDGING_HEADER = "Waiting/Waiting-Bridging-Header.h";
			};
			name = Debug;
		};
		BCA30B4A1A492490009073F7 /* Release */ = {
			isa = XCBuildConfiguration;
			buildSettings = {
				ASSETCATALOG_COMPILER_APPICON_NAME = AppIcon;
				FRAMEWORK_SEARCH_PATHS = (
					"$(inherited)",
					"$(PROJECT_DIR)/Waiting",
				);
				INFOPLIST_FILE = Waiting/Info.plist;
				LD_RUNPATH_SEARCH_PATHS = "$(inherited) @executable_path/Frameworks";
				PRODUCT_NAME = "$(TARGET_NAME)";
				SWIFT_OBJC_BRIDGING_HEADER = "Waiting/Waiting-Bridging-Header.h";
			};
			name = Release;
		};
		BCA30B4C1A492490009073F7 /* Debug */ = {
			isa = XCBuildConfiguration;
			buildSettings = {
				BUNDLE_LOADER = "$(TEST_HOST)";
				FRAMEWORK_SEARCH_PATHS = (
					"$(SDKROOT)/Developer/Library/Frameworks",
					"$(inherited)",
				);
				GCC_PREPROCESSOR_DEFINITIONS = (
					"DEBUG=1",
					"$(inherited)",
				);
				INFOPLIST_FILE = WaitingTests/Info.plist;
				LD_RUNPATH_SEARCH_PATHS = "$(inherited) @executable_path/Frameworks @loader_path/Frameworks";
				PRODUCT_NAME = "$(TARGET_NAME)";
				TEST_HOST = "$(BUILT_PRODUCTS_DIR)/Waiting.app/Waiting";
			};
			name = Debug;
		};
		BCA30B4D1A492490009073F7 /* Release */ = {
			isa = XCBuildConfiguration;
			buildSettings = {
				BUNDLE_LOADER = "$(TEST_HOST)";
				FRAMEWORK_SEARCH_PATHS = (
					"$(SDKROOT)/Developer/Library/Frameworks",
					"$(inherited)",
				);
				INFOPLIST_FILE = WaitingTests/Info.plist;
				LD_RUNPATH_SEARCH_PATHS = "$(inherited) @executable_path/Frameworks @loader_path/Frameworks";
				PRODUCT_NAME = "$(TARGET_NAME)";
				TEST_HOST = "$(BUILT_PRODUCTS_DIR)/Waiting.app/Waiting";
			};
			name = Release;
		};
/* End XCBuildConfiguration section */

/* Begin XCConfigurationList section */
		BCA30B241A492490009073F7 /* Build configuration list for PBXProject "Waiting" */ = {
			isa = XCConfigurationList;
			buildConfigurations = (
				BCA30B461A492490009073F7 /* Debug */,
				BCA30B471A492490009073F7 /* Release */,
			);
			defaultConfigurationIsVisible = 0;
			defaultConfigurationName = Release;
		};
		BCA30B481A492490009073F7 /* Build configuration list for PBXNativeTarget "Waiting" */ = {
			isa = XCConfigurationList;
			buildConfigurations = (
				BCA30B491A492490009073F7 /* Debug */,
				BCA30B4A1A492490009073F7 /* Release */,
			);
			defaultConfigurationIsVisible = 0;
			defaultConfigurationName = Release;
		};
		BCA30B4B1A492490009073F7 /* Build configuration list for PBXNativeTarget "WaitingTests" */ = {
			isa = XCConfigurationList;
			buildConfigurations = (
				BCA30B4C1A492490009073F7 /* Debug */,
				BCA30B4D1A492490009073F7 /* Release */,
			);
			defaultConfigurationIsVisible = 0;
			defaultConfigurationName = Release;
		};
/* End XCConfigurationList section */
	};
	rootObject = BCA30B211A492490009073F7 /* Project object */;
}
